// !$*UTF8*$!
{
	archiveVersion = 1;
	classes = {
	};
	objectVersion = 48;
	objects = {

/* Begin PBXBuildFile section */
		FB8268AF1FFBC5E300DB80CC /* main.c in Sources */ = {isa = PBXBuildFile; fileRef = FB8268AE1FFBC5E300DB80CC /* main.c */; };
		FBF5EA8820067CCB008FDE2D /* twoSum.c in Sources */ = {isa = PBXBuildFile; fileRef = FBF5EA8720067CCB008FDE2D /* twoSum.c */; };
		FBF5EA8B200725FA008FDE2D /* addTwoNumbers.c in Sources */ = {isa = PBXBuildFile; fileRef = FBF5EA8A200725FA008FDE2D /* addTwoNumbers.c */; };
		FBF5EA8E2007271D008FDE2D /* reverseInteger.c in Sources */ = {isa = PBXBuildFile; fileRef = FBF5EA8D2007271D008FDE2D /* reverseInteger.c */; };
		FBF5EA9120072771008FDE2D /* integerToRoman.c in Sources */ = {isa = PBXBuildFile; fileRef = FBF5EA9020072771008FDE2D /* integerToRoman.c */; };
		FBF5EA9420072852008FDE2D /* romanToInteger.c in Sources */ = {isa = PBXBuildFile; fileRef = FBF5EA9320072852008FDE2D /* romanToInteger.c */; };
		FBF5EA97200729DA008FDE2D /* longestCommonPrefix.c in Sources */ = {isa = PBXBuildFile; fileRef = FBF5EA96200729DA008FDE2D /* longestCommonPrefix.c */; };
/* End PBXBuildFile section */

/* Begin PBXCopyFilesBuildPhase section */
		FB8268A91FFBC5E300DB80CC /* CopyFiles */ = {
			isa = PBXCopyFilesBuildPhase;
			buildActionMask = 2147483647;
			dstPath = /usr/share/man/man1/;
			dstSubfolderSpec = 0;
			files = (
			);
			runOnlyForDeploymentPostprocessing = 1;
		};
/* End PBXCopyFilesBuildPhase section */

/* Begin PBXFileReference section */
		FB8268AB1FFBC5E300DB80CC /* LeetCode */ = {isa = PBXFileReference; explicitFileType = "compiled.mach-o.executable"; includeInIndex = 0; path = LeetCode; sourceTree = BUILT_PRODUCTS_DIR; };
		FB8268AE1FFBC5E300DB80CC /* main.c */ = {isa = PBXFileReference; lastKnownFileType = sourcecode.c.c; path = main.c; sourceTree = "<group>"; };
		FBF5EA8620067CCB008FDE2D /* twoSum.h */ = {isa = PBXFileReference; lastKnownFileType = sourcecode.c.h; path = twoSum.h; sourceTree = "<group>"; };
		FBF5EA8720067CCB008FDE2D /* twoSum.c */ = {isa = PBXFileReference; lastKnownFileType = sourcecode.c.c; path = twoSum.c; sourceTree = "<group>"; };
		FBF5EA89200725FA008FDE2D /* addTwoNumbers.h */ = {isa = PBXFileReference; lastKnownFileType = sourcecode.c.h; path = addTwoNumbers.h; sourceTree = "<group>"; };
		FBF5EA8A200725FA008FDE2D /* addTwoNumbers.c */ = {isa = PBXFileReference; lastKnownFileType = sourcecode.c.c; path = addTwoNumbers.c; sourceTree = "<group>"; };
		FBF5EA8C2007271D008FDE2D /* reverseInteger.h */ = {isa = PBXFileReference; lastKnownFileType = sourcecode.c.h; path = reverseInteger.h; sourceTree = "<group>"; };
		FBF5EA8D2007271D008FDE2D /* reverseInteger.c */ = {isa = PBXFileReference; lastKnownFileType = sourcecode.c.c; path = reverseInteger.c; sourceTree = "<group>"; };
		FBF5EA8F20072771008FDE2D /* integerToRoman.h */ = {isa = PBXFileReference; lastKnownFileType = sourcecode.c.h; path = integerToRoman.h; sourceTree = "<group>"; };
		FBF5EA9020072771008FDE2D /* integerToRoman.c */ = {isa = PBXFileReference; lastKnownFileType = sourcecode.c.c; path = integerToRoman.c; sourceTree = "<group>"; };
		FBF5EA9220072852008FDE2D /* romanToInteger.h */ = {isa = PBXFileReference; lastKnownFileType = sourcecode.c.h; path = romanToInteger.h; sourceTree = "<group>"; };
		FBF5EA9320072852008FDE2D /* romanToInteger.c */ = {isa = PBXFileReference; lastKnownFileType = sourcecode.c.c; path = romanToInteger.c; sourceTree = "<group>"; };
		FBF5EA95200729DA008FDE2D /* longestCommonPrefix.h */ = {isa = PBXFileReference; lastKnownFileType = sourcecode.c.h; path = longestCommonPrefix.h; sourceTree = "<group>"; };
		FBF5EA96200729DA008FDE2D /* longestCommonPrefix.c */ = {isa = PBXFileReference; lastKnownFileType = sourcecode.c.c; path = longestCommonPrefix.c; sourceTree = "<group>"; };
/* End PBXFileReference section */

/* Begin PBXFrameworksBuildPhase section */
		FB8268A81FFBC5E300DB80CC /* Frameworks */ = {
			isa = PBXFrameworksBuildPhase;
			buildActionMask = 2147483647;
			files = (
			);
			runOnlyForDeploymentPostprocessing = 0;
		};
/* End PBXFrameworksBuildPhase section */

/* Begin PBXGroup section */
		FB8268A21FFBC5E300DB80CC = {
			isa = PBXGroup;
			children = (
				FB8268AD1FFBC5E300DB80CC /* LeetCode */,
				FB8268AC1FFBC5E300DB80CC /* Products */,
			);
			sourceTree = "<group>";
		};
		FB8268AC1FFBC5E300DB80CC /* Products */ = {
			isa = PBXGroup;
			children = (
				FB8268AB1FFBC5E300DB80CC /* LeetCode */,
			);
			name = Products;
			sourceTree = "<group>";
		};
		FB8268AD1FFBC5E300DB80CC /* LeetCode */ = {
			isa = PBXGroup;
			children = (
				FB8268AE1FFBC5E300DB80CC /* main.c */,
				FBF5EA8620067CCB008FDE2D /* twoSum.h */,
				FBF5EA8720067CCB008FDE2D /* twoSum.c */,
				FBF5EA89200725FA008FDE2D /* addTwoNumbers.h */,
				FBF5EA8A200725FA008FDE2D /* addTwoNumbers.c */,
				FBF5EA8C2007271D008FDE2D /* reverseInteger.h */,
				FBF5EA8D2007271D008FDE2D /* reverseInteger.c */,
				FBF5EA8F20072771008FDE2D /* integerToRoman.h */,
				FBF5EA9020072771008FDE2D /* integerToRoman.c */,
				FBF5EA9220072852008FDE2D /* romanToInteger.h */,
				FBF5EA9320072852008FDE2D /* romanToInteger.c */,
				FBF5EA95200729DA008FDE2D /* longestCommonPrefix.h */,
				FBF5EA96200729DA008FDE2D /* longestCommonPrefix.c */,
			);
			path = LeetCode;
			sourceTree = "<group>";
		};
/* End PBXGroup section */

/* Begin PBXNativeTarget section */
		FB8268AA1FFBC5E300DB80CC /* LeetCode */ = {
			isa = PBXNativeTarget;
			buildConfigurationList = FB8268B21FFBC5E300DB80CC /* Build configuration list for PBXNativeTarget "LeetCode" */;
			buildPhases = (
				FB8268A71FFBC5E300DB80CC /* Sources */,
				FB8268A81FFBC5E300DB80CC /* Frameworks */,
				FB8268A91FFBC5E300DB80CC /* CopyFiles */,
			);
			buildRules = (
			);
			dependencies = (
			);
			name = LeetCode;
			productName = LeetCode;
			productReference = FB8268AB1FFBC5E300DB80CC /* LeetCode */;
			productType = "com.apple.product-type.tool";
		};
/* End PBXNativeTarget section */

/* Begin PBXProject section */
		FB8268A31FFBC5E300DB80CC /* Project object */ = {
			isa = PBXProject;
			attributes = {
				LastUpgradeCheck = 0910;
				ORGANIZATIONNAME = lidaojian;
				TargetAttributes = {
					FB8268AA1FFBC5E300DB80CC = {
						CreatedOnToolsVersion = 9.1;
						ProvisioningStyle = Automatic;
					};
				};
			};
			buildConfigurationList = FB8268A61FFBC5E300DB80CC /* Build configuration list for PBXProject "LeetCode" */;
			compatibilityVersion = "Xcode 8.0";
			developmentRegion = en;
			hasScannedForEncodings = 0;
			knownRegions = (
				en,
			);
			mainGroup = FB8268A21FFBC5E300DB80CC;
			productRefGroup = FB8268AC1FFBC5E300DB80CC /* Products */;
			projectDirPath = "";
			projectRoot = "";
			targets = (
				FB8268AA1FFBC5E300DB80CC /* LeetCode */,
			);
		};
/* End PBXProject section */

/* Begin PBXSourcesBuildPhase section */
		FB8268A71FFBC5E300DB80CC /* Sources */ = {
			isa = PBXSourcesBuildPhase;
			buildActionMask = 2147483647;
			files = (
				FBF5EA8B200725FA008FDE2D /* addTwoNumbers.c in Sources */,
				FBF5EA8820067CCB008FDE2D /* twoSum.c in Sources */,
				FB8268AF1FFBC5E300DB80CC /* main.c in Sources */,
				FBF5EA97200729DA008FDE2D /* longestCommonPrefix.c in Sources */,
				FBF5EA8E2007271D008FDE2D /* reverseInteger.c in Sources */,
				FBF5EA9120072771008FDE2D /* integerToRoman.c in Sources */,
				FBF5EA9420072852008FDE2D /* romanToInteger.c in Sources */,
			);
			runOnlyForDeploymentPostprocessing = 0;
		};
/* End PBXSourcesBuildPhase section */

/* Begin XCBuildConfiguration section */
		FB8268B01FFBC5E300DB80CC /* Debug */ = {
			isa = XCBuildConfiguration;
			buildSettings = {
				ALWAYS_SEARCH_USER_PATHS = NO;
				CLANG_ANALYZER_NONNULL = YES;
				CLANG_ANALYZER_NUMBER_OBJECT_CONVERSION = YES_AGGRESSIVE;
				CLANG_CXX_LANGUAGE_STANDARD = "gnu++14";
				CLANG_CXX_LIBRARY = "libc++";
				CLANG_ENABLE_MODULES = YES;
				CLANG_ENABLE_OBJC_ARC = YES;
				CLANG_WARN_BLOCK_CAPTURE_AUTORELEASING = YES;
				CLANG_WARN_BOOL_CONVERSION = YES;
				CLANG_WARN_COMMA = YES;
				CLANG_WARN_CONSTANT_CONVERSION = YES;
				CLANG_WARN_DIRECT_OBJC_ISA_USAGE = YES_ERROR;
				CLANG_WARN_DOCUMENTATION_COMMENTS = YES;
				CLANG_WARN_EMPTY_BODY = YES;
				CLANG_WARN_ENUM_CONVERSION = YES;
				CLANG_WARN_INFINITE_RECURSION = YES;
				CLANG_WARN_INT_CONVERSION = YES;
				CLANG_WARN_NON_LITERAL_NULL_CONVERSION = YES;
				CLANG_WARN_OBJC_LITERAL_CONVERSION = YES;
				CLANG_WARN_OBJC_ROOT_CLASS = YES_ERROR;
				CLANG_WARN_RANGE_LOOP_ANALYSIS = YES;
				CLANG_WARN_STRICT_PROTOTYPES = YES;
				CLANG_WARN_SUSPICIOUS_MOVE = YES;
				CLANG_WARN_UNGUARDED_AVAILABILITY = YES_AGGRESSIVE;
				CLANG_WARN_UNREACHABLE_CODE = YES;
				CLANG_WARN__DUPLICATE_METHOD_MATCH = YES;
				CODE_SIGN_IDENTITY = "-";
				COPY_PHASE_STRIP = NO;
				DEBUG_INFORMATION_FORMAT = dwarf;
				ENABLE_STRICT_OBJC_MSGSEND = YES;
				ENABLE_TESTABILITY = YES;
				GCC_C_LANGUAGE_STANDARD = gnu11;
				GCC_DYNAMIC_NO_PIC = NO;
				GCC_NO_COMMON_BLOCKS = YES;
				GCC_OPTIMIZATION_LEVEL = 0;
				GCC_PREPROCESSOR_DEFINITIONS = (
					"DEBUG=1",
					"$(inherited)",
				);
				GCC_WARN_64_TO_32_BIT_CONVERSION = YES;
				GCC_WARN_ABOUT_RETURN_TYPE = YES_ERROR;
				GCC_WARN_UNDECLARED_SELECTOR = YES;
				GCC_WARN_UNINITIALIZED_AUTOS = YES_AGGRESSIVE;
				GCC_WARN_UNUSED_FUNCTION = YES;
				GCC_WARN_UNUSED_VARIABLE = YES;
				MACOSX_DEPLOYMENT_TARGET = 10.13;
				MTL_ENABLE_DEBUG_INFO = YES;
				ONLY_ACTIVE_ARCH = YES;
				SDKROOT = macosx;
			};
			name = Debug;
		};
		FB8268B11FFBC5E300DB80CC /* Release */ = {
			isa = XCBuildConfiguration;
			buildSettings = {
				ALWAYS_SEARCH_USER_PATHS = NO;
				CLANG_ANALYZER_NONNULL = YES;
				CLANG_ANALYZER_NUMBER_OBJECT_CONVERSION = YES_AGGRESSIVE;
				CLANG_CXX_LANGUAGE_STANDARD = "gnu++14";
				CLANG_CXX_LIBRARY = "libc++";
				CLANG_ENABLE_MODULES = YES;
				CLANG_ENABLE_OBJC_ARC = YES;
				CLANG_WARN_BLOCK_CAPTURE_AUTORELEASING = YES;
				CLANG_WARN_BOOL_CONVERSION = YES;
				CLANG_WARN_COMMA = YES;
				CLANG_WARN_CONSTANT_CONVERSION = YES;
				CLANG_WARN_DIRECT_OBJC_ISA_USAGE = YES_ERROR;
				CLANG_WARN_DOCUMENTATION_COMMENTS = YES;
				CLANG_WARN_EMPTY_BODY = YES;
				CLANG_WARN_ENUM_CONVERSION = YES;
				CLANG_WARN_INFINITE_RECURSION = YES;
				CLANG_WARN_INT_CONVERSION = YES;
				CLANG_WARN_NON_LITERAL_NULL_CONVERSION = YES;
				CLANG_WARN_OBJC_LITERAL_CONVERSION = YES;
				CLANG_WARN_OBJC_ROOT_CLASS = YES_ERROR;
				CLANG_WARN_RANGE_LOOP_ANALYSIS = YES;
				CLANG_WARN_STRICT_PROTOTYPES = YES;
				CLANG_WARN_SUSPICIOUS_MOVE = YES;
				CLANG_WARN_UNGUARDED_AVAILABILITY = YES_AGGRESSIVE;
				CLANG_WARN_UNREACHABLE_CODE = YES;
				CLANG_WARN__DUPLICATE_METHOD_MATCH = YES;
				CODE_SIGN_IDENTITY = "-";
				COPY_PHASE_STRIP = NO;
				DEBUG_INFORMATION_FORMAT = "dwarf-with-dsym";
				ENABLE_NS_ASSERTIONS = NO;
				ENABLE_STRICT_OBJC_MSGSEND = YES;
				GCC_C_LANGUAGE_STANDARD = gnu11;
				GCC_NO_COMMON_BLOCKS = YES;
				GCC_WARN_64_TO_32_BIT_CONVERSION = YES;
				GCC_WARN_ABOUT_RETURN_TYPE = YES_ERROR;
				GCC_WARN_UNDECLARED_SELECTOR = YES;
				GCC_WARN_UNINITIALIZED_AUTOS = YES_AGGRESSIVE;
				GCC_WARN_UNUSED_FUNCTION = YES;
				GCC_WARN_UNUSED_VARIABLE = YES;
				MACOSX_DEPLOYMENT_TARGET = 10.13;
				MTL_ENABLE_DEBUG_INFO = NO;
				SDKROOT = macosx;
			};
			name = Release;
		};
		FB8268B31FFBC5E300DB80CC /* Debug */ = {
			isa = XCBuildConfiguration;
			buildSettings = {
				CODE_SIGN_STYLE = Automatic;
				PRODUCT_NAME = "$(TARGET_NAME)";
			};
			name = Debug;
		};
		FB8268B41FFBC5E300DB80CC /* Release */ = {
			isa = XCBuildConfiguration;
			buildSettings = {
				CODE_SIGN_STYLE = Automatic;
				PRODUCT_NAME = "$(TARGET_NAME)";
			};
			name = Release;
		};
/* End XCBuildConfiguration section */

/* Begin XCConfigurationList section */
		FB8268A61FFBC5E300DB80CC /* Build configuration list for PBXProject "LeetCode" */ = {
			isa = XCConfigurationList;
			buildConfigurations = (
				FB8268B01FFBC5E300DB80CC /* Debug */,
				FB8268B11FFBC5E300DB80CC /* Release */,
			);
			defaultConfigurationIsVisible = 0;
			defaultConfigurationName = Release;
		};
		FB8268B21FFBC5E300DB80CC /* Build configuration list for PBXNativeTarget "LeetCode" */ = {
			isa = XCConfigurationList;
			buildConfigurations = (
				FB8268B31FFBC5E300DB80CC /* Debug */,
				FB8268B41FFBC5E300DB80CC /* Release */,
			);
			defaultConfigurationIsVisible = 0;
			defaultConfigurationName = Release;
		};
/* End XCConfigurationList section */
	};
	rootObject = FB8268A31FFBC5E300DB80CC /* Project object */;
}
